{
    "_readme": [
        "This file locks the dependencies of your project to a known state",
        "Read more about it at https://getcomposer.org/doc/01-basic-usage.md#composer-lock-the-lock-file",
        "This file is @generated automatically"
    ],
    "content-hash": "748802fd9f829dca4b6fca4ed4e110a5",
    "packages": [],
    "packages-dev": [
        {
            "name": "shopware/plugin-dev-tools",
            "version": "dev-add-coveralls-support",
            "source": {
                "type": "git",
                "url": "https://github.com/shopwareLabs/plugin-dev-tools.git",
                "reference": "63771ceacc4926a669cd07fe8ecdce648540a693"
            },
            "dist": {
                "type": "zip",
                "url": "https://api.github.com/repos/shopwareLabs/plugin-dev-tools/zipball/63771ceacc4926a669cd07fe8ecdce648540a693",
                "reference": "63771ceacc4926a669cd07fe8ecdce648540a693",
                "shasum": ""
            },
            "type": "application",
            "authors": [
                {
                    "name": "Simon Bäumer",
                    "email": "s.baeumer@shopware.com"
                }
            ],
            "description": "Tools for plugin development.",
            "support": {
                "source": "https://github.com/shopwareLabs/plugin-dev-tools/tree/add-coveralls-support",
                "issues": "https://github.com/shopwareLabs/plugin-dev-tools/issues"
            },
            "time": "2017-05-31T20:08:17+00:00"
        }
    ],
    "aliases": [],
    "minimum-stability": "stable",
    "stability-flags": {
        "shopware/plugin-dev-tools": 20
    },
    "prefer-stable": false,
    "prefer-lowest": false,
    "platform": [],
    "platform-dev": []
}
